// !$*UTF8*$!
{
	archiveVersion = 1;
	classes = {
	};
	objectVersion = 46;
	objects = {

/* Begin PBXBuildFile section */
		ABA1EC701C214AF400EFAEBB /* main.m in Sources */ = {isa = PBXBuildFile; fileRef = ABA1EC6F1C214AF400EFAEBB /* main.m */; };
		ABA1EC7B1C214AF400EFAEBB /* Assets.xcassets in Resources */ = {isa = PBXBuildFile; fileRef = ABA1EC7A1C214AF400EFAEBB /* Assets.xcassets */; };
		ABA1EC7E1C214AF400EFAEBB /* LaunchScreen.storyboard in Resources */ = {isa = PBXBuildFile; fileRef = ABA1EC7C1C214AF400EFAEBB /* LaunchScreen.storyboard */; };
		ABA1EC941C214AF400EFAEBB /* ArrayObjectsUITests.m in Sources */ = {isa = PBXBuildFile; fileRef = ABA1EC931C214AF400EFAEBB /* ArrayObjectsUITests.m */; };
		ABA1ECAA1C214C9100EFAEBB /* AppDelegate.m in Sources */ = {isa = PBXBuildFile; fileRef = ABA1ECA31C214C9100EFAEBB /* AppDelegate.m */; };
		ABA1ECAB1C214C9100EFAEBB /* BootLogic.m in Sources */ = {isa = PBXBuildFile; fileRef = ABA1ECA51C214C9100EFAEBB /* BootLogic.m */; };
		ABA1ECAC1C214C9100EFAEBB /* ConsoleScreen.m in Sources */ = {isa = PBXBuildFile; fileRef = ABA1ECA71C214C9100EFAEBB /* ConsoleScreen.m */; };
		ABA1ECAD1C214C9100EFAEBB /* MainScreen.m in Sources */ = {isa = PBXBuildFile; fileRef = ABA1ECA91C214C9100EFAEBB /* MainScreen.m */; };
		ABA1ECB11C214DD400EFAEBB /* SendMessage.m in Sources */ = {isa = PBXBuildFile; fileRef = ABA1ECB01C214DD400EFAEBB /* SendMessage.m */; };
		ABA1ECB41C214DF200EFAEBB /* Student.m in Sources */ = {isa = PBXBuildFile; fileRef = ABA1ECB31C214DF200EFAEBB /* Student.m */; };
		ABA1ECB71C2156E100EFAEBB /* CArrayEx.m in Sources */ = {isa = PBXBuildFile; fileRef = ABA1ECB61C2156E100EFAEBB /* CArrayEx.m */; };
		ABA1ECBA1C215BED00EFAEBB /* quickSortStringArray.m in Sources */ = {isa = PBXBuildFile; fileRef = ABA1ECB91C215BED00EFAEBB /* quickSortStringArray.m */; };
/* End PBXBuildFile section */

/* Begin PBXContainerItemProxy section */
		ABA1EC901C214AF400EFAEBB /* PBXContainerItemProxy */ = {
			isa = PBXContainerItemProxy;
			containerPortal = ABA1EC631C214AF400EFAEBB /* Project object */;
			proxyType = 1;
			remoteGlobalIDString = ABA1EC6A1C214AF400EFAEBB;
			remoteInfo = ArrayObjects;
		};
/* End PBXContainerItemProxy section */

/* Begin PBXFileReference section */
		ABA1EC6B1C214AF400EFAEBB /* ArrayObjects.app */ = {isa = PBXFileReference; explicitFileType = wrapper.application; includeInIndex = 0; path = ArrayObjects.app; sourceTree = BUILT_PRODUCTS_DIR; };
		ABA1EC6F1C214AF400EFAEBB /* main.m */ = {isa = PBXFileReference; lastKnownFileType = sourcecode.c.objc; path = main.m; sourceTree = "<group>"; };
		ABA1EC7A1C214AF400EFAEBB /* Assets.xcassets */ = {isa = PBXFileReference; lastKnownFileType = folder.assetcatalog; path = Assets.xcassets; sourceTree = "<group>"; };
		ABA1EC7D1C214AF400EFAEBB /* Base */ = {isa = PBXFileReference; lastKnownFileType = file.storyboard; name = Base; path = Base.lproj/LaunchScreen.storyboard; sourceTree = "<group>"; };
		ABA1EC7F1C214AF400EFAEBB /* Info.plist */ = {isa = PBXFileReference; lastKnownFileType = text.plist.xml; path = Info.plist; sourceTree = "<group>"; };
		ABA1EC8F1C214AF400EFAEBB /* ArrayObjectsUITests.xctest */ = {isa = PBXFileReference; explicitFileType = wrapper.cfbundle; includeInIndex = 0; path = ArrayObjectsUITests.xctest; sourceTree = BUILT_PRODUCTS_DIR; };
		ABA1EC931C214AF400EFAEBB /* ArrayObjectsUITests.m */ = {isa = PBXFileReference; lastKnownFileType = sourcecode.c.objc; path = ArrayObjectsUITests.m; sourceTree = "<group>"; };
		ABA1EC951C214AF400EFAEBB /* Info.plist */ = {isa = PBXFileReference; lastKnownFileType = text.plist.xml; path = Info.plist; sourceTree = "<group>"; };
		ABA1ECA21C214C9100EFAEBB /* AppDelegate.h */ = {isa = PBXFileReference; fileEncoding = 4; lastKnownFileType = sourcecode.c.h; path = AppDelegate.h; sourceTree = "<group>"; };
		ABA1ECA31C214C9100EFAEBB /* AppDelegate.m */ = {isa = PBXFileReference; fileEncoding = 4; lastKnownFileType = sourcecode.c.objc; path = AppDelegate.m; sourceTree = "<group>"; };
		ABA1ECA41C214C9100EFAEBB /* BootLogic.h */ = {isa = PBXFileReference; fileEncoding = 4; lastKnownFileType = sourcecode.c.h; path = BootLogic.h; sourceTree = "<group>"; };
		ABA1ECA51C214C9100EFAEBB /* BootLogic.m */ = {isa = PBXFileReference; fileEncoding = 4; lastKnownFileType = sourcecode.c.objc; path = BootLogic.m; sourceTree = "<group>"; };
		ABA1ECA61C214C9100EFAEBB /* ConsoleScreen.h */ = {isa = PBXFileReference; fileEncoding = 4; lastKnownFileType = sourcecode.c.h; path = ConsoleScreen.h; sourceTree = "<group>"; };
		ABA1ECA71C214C9100EFAEBB /* ConsoleScreen.m */ = {isa = PBXFileReference; fileEncoding = 4; lastKnownFileType = sourcecode.c.objc; path = ConsoleScreen.m; sourceTree = "<group>"; };
		ABA1ECA81C214C9100EFAEBB /* MainScreen.h */ = {isa = PBXFileReference; fileEncoding = 4; lastKnownFileType = sourcecode.c.h; path = MainScreen.h; sourceTree = "<group>"; };
		ABA1ECA91C214C9100EFAEBB /* MainScreen.m */ = {isa = PBXFileReference; fileEncoding = 4; lastKnownFileType = sourcecode.c.objc; path = MainScreen.m; sourceTree = "<group>"; };
		ABA1ECAF1C214DD400EFAEBB /* SendMessage.h */ = {isa = PBXFileReference; fileEncoding = 4; lastKnownFileType = sourcecode.c.h; path = SendMessage.h; sourceTree = "<group>"; };
		ABA1ECB01C214DD400EFAEBB /* SendMessage.m */ = {isa = PBXFileReference; fileEncoding = 4; lastKnownFileType = sourcecode.c.objc; path = SendMessage.m; sourceTree = "<group>"; };
		ABA1ECB21C214DF200EFAEBB /* Student.h */ = {isa = PBXFileReference; fileEncoding = 4; lastKnownFileType = sourcecode.c.h; path = Student.h; sourceTree = "<group>"; };
		ABA1ECB31C214DF200EFAEBB /* Student.m */ = {isa = PBXFileReference; fileEncoding = 4; lastKnownFileType = sourcecode.c.objc; path = Student.m; sourceTree = "<group>"; };
		ABA1ECB51C2156E100EFAEBB /* CArrayEx.h */ = {isa = PBXFileReference; fileEncoding = 4; lastKnownFileType = sourcecode.c.h; path = CArrayEx.h; sourceTree = "<group>"; };
		ABA1ECB61C2156E100EFAEBB /* CArrayEx.m */ = {isa = PBXFileReference; fileEncoding = 4; lastKnownFileType = sourcecode.c.objc; path = CArrayEx.m; sourceTree = "<group>"; };
		ABA1ECB81C215BED00EFAEBB /* quickSortStringArray.h */ = {isa = PBXFileReference; fileEncoding = 4; lastKnownFileType = sourcecode.c.h; path = quickSortStringArray.h; sourceTree = "<group>"; };
		ABA1ECB91C215BED00EFAEBB /* quickSortStringArray.m */ = {isa = PBXFileReference; fileEncoding = 4; lastKnownFileType = sourcecode.c.objc; path = quickSortStringArray.m; sourceTree = "<group>"; };
/* End PBXFileReference section */

/* Begin PBXFrameworksBuildPhase section */
		ABA1EC681C214AF400EFAEBB /* Frameworks */ = {
			isa = PBXFrameworksBuildPhase;
			buildActionMask = 2147483647;
			files = (
			);
			runOnlyForDeploymentPostprocessing = 0;
		};
		ABA1EC8C1C214AF400EFAEBB /* Frameworks */ = {
			isa = PBXFrameworksBuildPhase;
			buildActionMask = 2147483647;
			files = (
			);
			runOnlyForDeploymentPostprocessing = 0;
		};
/* End PBXFrameworksBuildPhase section */

/* Begin PBXGroup section */
		ABA1EC621C214AF400EFAEBB = {
			isa = PBXGroup;
			children = (
				ABA1EC6D1C214AF400EFAEBB /* ArrayObjects */,
				ABA1EC921C214AF400EFAEBB /* ArrayObjectsUITests */,
				ABA1EC6C1C214AF400EFAEBB /* Products */,
			);
			sourceTree = "<group>";
		};
		ABA1EC6C1C214AF400EFAEBB /* Products */ = {
			isa = PBXGroup;
			children = (
				ABA1EC6B1C214AF400EFAEBB /* ArrayObjects.app */,
				ABA1EC8F1C214AF400EFAEBB /* ArrayObjectsUITests.xctest */,
			);
			name = Products;
			sourceTree = "<group>";
		};
		ABA1EC6D1C214AF400EFAEBB /* ArrayObjects */ = {
			isa = PBXGroup;
			children = (
				ABA1ECA11C214C5B00EFAEBB /* Core */,
				ABA1ECAE1C214DB700EFAEBB /* Array */,
				ABA1EC7A1C214AF400EFAEBB /* Assets.xcassets */,
				ABA1EC7C1C214AF400EFAEBB /* LaunchScreen.storyboard */,
				ABA1EC7F1C214AF400EFAEBB /* Info.plist */,
				ABA1EC6E1C214AF400EFAEBB /* Supporting Files */,
			);
			path = ArrayObjects;
			sourceTree = "<group>";
		};
		ABA1EC6E1C214AF400EFAEBB /* Supporting Files */ = {
			isa = PBXGroup;
			children = (
				ABA1EC6F1C214AF400EFAEBB /* main.m */,
			);
			name = "Supporting Files";
			sourceTree = "<group>";
		};
		ABA1EC921C214AF400EFAEBB /* ArrayObjectsUITests */ = {
			isa = PBXGroup;
			children = (
				ABA1EC931C214AF400EFAEBB /* ArrayObjectsUITests.m */,
				ABA1EC951C214AF400EFAEBB /* Info.plist */,
			);
			path = ArrayObjectsUITests;
			sourceTree = "<group>";
		};
		ABA1ECA11C214C5B00EFAEBB /* Core */ = {
			isa = PBXGroup;
			children = (
				ABA1ECA21C214C9100EFAEBB /* AppDelegate.h */,
				ABA1ECA31C214C9100EFAEBB /* AppDelegate.m */,
				ABA1ECA41C214C9100EFAEBB /* BootLogic.h */,
				ABA1ECA51C214C9100EFAEBB /* BootLogic.m */,
				ABA1ECA61C214C9100EFAEBB /* ConsoleScreen.h */,
				ABA1ECA71C214C9100EFAEBB /* ConsoleScreen.m */,
				ABA1ECA81C214C9100EFAEBB /* MainScreen.h */,
				ABA1ECA91C214C9100EFAEBB /* MainScreen.m */,
			);
			name = Core;
			sourceTree = "<group>";
		};
		ABA1ECAE1C214DB700EFAEBB /* Array */ = {
			isa = PBXGroup;
			children = (
				ABA1ECAF1C214DD400EFAEBB /* SendMessage.h */,
				ABA1ECB01C214DD400EFAEBB /* SendMessage.m */,
				ABA1ECB21C214DF200EFAEBB /* Student.h */,
				ABA1ECB31C214DF200EFAEBB /* Student.m */,
				ABA1ECB51C2156E100EFAEBB /* CArrayEx.h */,
				ABA1ECB61C2156E100EFAEBB /* CArrayEx.m */,
				ABA1ECB81C215BED00EFAEBB /* quickSortStringArray.h */,
				ABA1ECB91C215BED00EFAEBB /* quickSortStringArray.m */,
			);
			name = Array;
			sourceTree = "<group>";
		};
/* End PBXGroup section */

/* Begin PBXNativeTarget section */
		ABA1EC6A1C214AF400EFAEBB /* ArrayObjects */ = {
			isa = PBXNativeTarget;
			buildConfigurationList = ABA1EC981C214AF400EFAEBB /* Build configuration list for PBXNativeTarget "ArrayObjects" */;
			buildPhases = (
				ABA1EC671C214AF400EFAEBB /* Sources */,
				ABA1EC681C214AF400EFAEBB /* Frameworks */,
				ABA1EC691C214AF400EFAEBB /* Resources */,
			);
			buildRules = (
			);
			dependencies = (
			);
			name = ArrayObjects;
			productName = ArrayObjects;
			productReference = ABA1EC6B1C214AF400EFAEBB /* ArrayObjects.app */;
			productType = "com.apple.product-type.application";
		};
		ABA1EC8E1C214AF400EFAEBB /* ArrayObjectsUITests */ = {
			isa = PBXNativeTarget;
			buildConfigurationList = ABA1EC9E1C214AF400EFAEBB /* Build configuration list for PBXNativeTarget "ArrayObjectsUITests" */;
			buildPhases = (
				ABA1EC8B1C214AF400EFAEBB /* Sources */,
				ABA1EC8C1C214AF400EFAEBB /* Frameworks */,
				ABA1EC8D1C214AF400EFAEBB /* Resources */,
			);
			buildRules = (
			);
			dependencies = (
				ABA1EC911C214AF400EFAEBB /* PBXTargetDependency */,
			);
			name = ArrayObjectsUITests;
			productName = ArrayObjectsUITests;
			productReference = ABA1EC8F1C214AF400EFAEBB /* ArrayObjectsUITests.xctest */;
			productType = "com.apple.product-type.bundle.ui-testing";
		};
/* End PBXNativeTarget section */

/* Begin PBXProject section */
		ABA1EC631C214AF400EFAEBB /* Project object */ = {
			isa = PBXProject;
			attributes = {
				LastUpgradeCheck = 0720;
				ORGANIZATIONNAME = HOANGTHAI;
				TargetAttributes = {
					ABA1EC6A1C214AF400EFAEBB = {
						CreatedOnToolsVersion = 7.2;
					};
					ABA1EC8E1C214AF400EFAEBB = {
						CreatedOnToolsVersion = 7.2;
						TestTargetID = ABA1EC6A1C214AF400EFAEBB;
					};
				};
			};
			buildConfigurationList = ABA1EC661C214AF400EFAEBB /* Build configuration list for PBXProject "ArrayObjects" */;
			compatibilityVersion = "Xcode 3.2";
			developmentRegion = English;
			hasScannedForEncodings = 0;
			knownRegions = (
				en,
				Base,
			);
			mainGroup = ABA1EC621C214AF400EFAEBB;
			productRefGroup = ABA1EC6C1C214AF400EFAEBB /* Products */;
			projectDirPath = "";
			projectRoot = "";
			targets = (
				ABA1EC6A1C214AF400EFAEBB /* ArrayObjects */,
				ABA1EC8E1C214AF400EFAEBB /* ArrayObjectsUITests */,
			);
		};
/* End PBXProject section */

/* Begin PBXResourcesBuildPhase section */
		ABA1EC691C214AF400EFAEBB /* Resources */ = {
			isa = PBXResourcesBuildPhase;
			buildActionMask = 2147483647;
			files = (
				ABA1EC7E1C214AF400EFAEBB /* LaunchScreen.storyboard in Resources */,
				ABA1EC7B1C214AF400EFAEBB /* Assets.xcassets in Resources */,
			);
			runOnlyForDeploymentPostprocessing = 0;
		};
		ABA1EC8D1C214AF400EFAEBB /* Resources */ = {
			isa = PBXResourcesBuildPhase;
			buildActionMask = 2147483647;
			files = (
			);
			runOnlyForDeploymentPostprocessing = 0;
		};
/* End PBXResourcesBuildPhase section */

/* Begin PBXSourcesBuildPhase section */
		ABA1EC671C214AF400EFAEBB /* Sources */ = {
			isa = PBXSourcesBuildPhase;
			buildActionMask = 2147483647;
			files = (
				ABA1ECAB1C214C9100EFAEBB /* BootLogic.m in Sources */,
				ABA1ECAD1C214C9100EFAEBB /* MainScreen.m in Sources */,
				ABA1ECAC1C214C9100EFAEBB /* ConsoleScreen.m in Sources */,
				ABA1ECAA1C214C9100EFAEBB /* AppDelegate.m in Sources */,
				ABA1ECB71C2156E100EFAEBB /* CArrayEx.m in Sources */,
				ABA1ECB41C214DF200EFAEBB /* Student.m in Sources */,
				ABA1EC701C214AF400EFAEBB /* main.m in Sources */,
				ABA1ECBA1C215BED00EFAEBB /* quickSortStringArray.m in Sources */,
				ABA1ECB11C214DD400EFAEBB /* SendMessage.m in Sources */,
			);
			runOnlyForDeploymentPostprocessing = 0;
		};
		ABA1EC8B1C214AF400EFAEBB /* Sources */ = {
			isa = PBXSourcesBuildPhase;
			buildActionMask = 2147483647;
			files = (
				ABA1EC941C214AF400EFAEBB /* ArrayObjectsUITests.m in Sources */,
			);
			runOnlyForDeploymentPostprocessing = 0;
		};
/* End PBXSourcesBuildPhase section */

/* Begin PBXTargetDependency section */
		ABA1EC911C214AF400EFAEBB /* PBXTargetDependency */ = {
			isa = PBXTargetDependency;
			target = ABA1EC6A1C214AF400EFAEBB /* ArrayObjects */;
			targetProxy = ABA1EC901C214AF400EFAEBB /* PBXContainerItemProxy */;
		};
/* End PBXTargetDependency section */

/* Begin PBXVariantGroup section */
		ABA1EC7C1C214AF400EFAEBB /* LaunchScreen.storyboard */ = {
			isa = PBXVariantGroup;
			children = (
				ABA1EC7D1C214AF400EFAEBB /* Base */,
			);
			name = LaunchScreen.storyboard;
			sourceTree = "<group>";
		};
/* End PBXVariantGroup section */

/* Begin XCBuildConfiguration section */
		ABA1EC961C214AF400EFAEBB /* Debug */ = {
			isa = XCBuildConfiguration;
			buildSettings = {
				ALWAYS_SEARCH_USER_PATHS = NO;
				CLANG_CXX_LANGUAGE_STANDARD = "gnu++0x";
				CLANG_CXX_LIBRARY = "libc++";
				CLANG_ENABLE_MODULES = YES;
				CLANG_ENABLE_OBJC_ARC = YES;
				CLANG_WARN_BOOL_CONVERSION = YES;
				CLANG_WARN_CONSTANT_CONVERSION = YES;
				CLANG_WARN_DIRECT_OBJC_ISA_USAGE = YES_ERROR;
				CLANG_WARN_EMPTY_BODY = YES;
				CLANG_WARN_ENUM_CONVERSION = YES;
				CLANG_WARN_INT_CONVERSION = YES;
				CLANG_WARN_OBJC_ROOT_CLASS = YES_ERROR;
				CLANG_WARN_UNREACHABLE_CODE = YES;
				CLANG_WARN__DUPLICATE_METHOD_MATCH = YES;
				"CODE_SIGN_IDENTITY[sdk=iphoneos*]" = "iPhone Developer";
				COPY_PHASE_STRIP = NO;
				DEBUG_INFORMATION_FORMAT = dwarf;
				ENABLE_STRICT_OBJC_MSGSEND = YES;
				ENABLE_TESTABILITY = YES;
				GCC_C_LANGUAGE_STANDARD = gnu99;
				GCC_DYNAMIC_NO_PIC = NO;
				GCC_NO_COMMON_BLOCKS = YES;
				GCC_OPTIMIZATION_LEVEL = 0;
				GCC_PREPROCESSOR_DEFINITIONS = (
					"DEBUG=1",
					"$(inherited)",
				);
				GCC_WARN_64_TO_32_BIT_CONVERSION = YES;
				GCC_WARN_ABOUT_RETURN_TYPE = YES_ERROR;
				GCC_WARN_UNDECLARED_SELECTOR = YES;
				GCC_WARN_UNINITIALIZED_AUTOS = YES_AGGRESSIVE;
				GCC_WARN_UNUSED_FUNCTION = YES;
				GCC_WARN_UNUSED_VARIABLE = YES;
				IPHONEOS_DEPLOYMENT_TARGET = 9.2;
				MTL_ENABLE_DEBUG_INFO = YES;
				ONLY_ACTIVE_ARCH = YES;
				SDKROOT = iphoneos;
			};
			name = Debug;
		};
		ABA1EC971C214AF400EFAEBB /* Release */ = {
			isa = XCBuildConfiguration;
			buildSettings = {
				ALWAYS_SEARCH_USER_PATHS = NO;
				CLANG_CXX_LANGUAGE_STANDARD = "gnu++0x";
				CLANG_CXX_LIBRARY = "libc++";
				CLANG_ENABLE_MODULES = YES;
				CLANG_ENABLE_OBJC_ARC = YES;
				CLANG_WARN_BOOL_CONVERSION = YES;
				CLANG_WARN_CONSTANT_CONVERSION = YES;
				CLANG_WARN_DIRECT_OBJC_ISA_USAGE = YES_ERROR;
				CLANG_WARN_EMPTY_BODY = YES;
				CLANG_WARN_ENUM_CONVERSION = YES;
				CLANG_WARN_INT_CONVERSION = YES;
				CLANG_WARN_OBJC_ROOT_CLASS = YES_ERROR;
				CLANG_WARN_UNREACHABLE_CODE = YES;
				CLANG_WARN__DUPLICATE_METHOD_MATCH = YES;
				"CODE_SIGN_IDENTITY[sdk=iphoneos*]" = "iPhone Developer";
				COPY_PHASE_STRIP = NO;
				DEBUG_INFORMATION_FORMAT = "dwarf-with-dsym";
				ENABLE_NS_ASSERTIONS = NO;
				ENABLE_STRICT_OBJC_MSGSEND = YES;
				GCC_C_LANGUAGE_STANDARD = gnu99;
				GCC_NO_COMMON_BLOCKS = YES;
				GCC_WARN_64_TO_32_BIT_CONVERSION = YES;
				GCC_WARN_ABOUT_RETURN_TYPE = YES_ERROR;
				GCC_WARN_UNDECLARED_SELECTOR = YES;
				GCC_WARN_UNINITIALIZED_AUTOS = YES_AGGRESSIVE;
				GCC_WARN_UNUSED_FUNCTION = YES;
				GCC_WARN_UNUSED_VARIABLE = YES;
				IPHONEOS_DEPLOYMENT_TARGET = 9.2;
				MTL_ENABLE_DEBUG_INFO = NO;
				SDKROOT = iphoneos;
				VALIDATE_PRODUCT = YES;
			};
			name = Release;
		};
		ABA1EC991C214AF400EFAEBB /* Debug */ = {
			isa = XCBuildConfiguration;
			buildSettings = {
				ASSETCATALOG_COMPILER_APPICON_NAME = AppIcon;
				INFOPLIST_FILE = ArrayObjects/Info.plist;
				LD_RUNPATH_SEARCH_PATHS = "$(inherited) @executable_path/Frameworks";
				PRODUCT_BUNDLE_IDENTIFIER = HOANGTHAI.ArrayObjects;
				PRODUCT_NAME = "$(TARGET_NAME)";
			};
			name = Debug;
		};
		ABA1EC9A1C214AF400EFAEBB /* Release */ = {
			isa = XCBuildConfiguration;
			buildSettings = {
				ASSETCATALOG_COMPILER_APPICON_NAME = AppIcon;
				INFOPLIST_FILE = ArrayObjects/Info.plist;
				LD_RUNPATH_SEARCH_PATHS = "$(inherited) @executable_path/Frameworks";
				PRODUCT_BUNDLE_IDENTIFIER = HOANGTHAI.ArrayObjects;
				PRODUCT_NAME = "$(TARGET_NAME)";
			};
			name = Release;
		};
		ABA1EC9F1C214AF400EFAEBB /* Debug */ = {
			isa = XCBuildConfiguration;
			buildSettings = {
				INFOPLIST_FILE = ArrayObjectsUITests/Info.plist;
				LD_RUNPATH_SEARCH_PATHS = "$(inherited) @executable_path/Frameworks @loader_path/Frameworks";
				PRODUCT_BUNDLE_IDENTIFIER = HOANGTHAI.ArrayObjectsUITests;
				PRODUCT_NAME = "$(TARGET_NAME)";
				TEST_TARGET_NAME = ArrayObjects;
				USES_XCTRUNNER = YES;
			};
			name = Debug;
		};
		ABA1ECA01C214AF400EFAEBB /* Release */ = {
			isa = XCBuildConfiguration;
			buildSettings = {
				INFOPLIST_FILE = ArrayObjectsUITests/Info.plist;
				LD_RUNPATH_SEARCH_PATHS = "$(inherited) @executable_path/Frameworks @loader_path/Frameworks";
				PRODUCT_BUNDLE_IDENTIFIER = HOANGTHAI.ArrayObjectsUITests;
				PRODUCT_NAME = "$(TARGET_NAME)";
				TEST_TARGET_NAME = ArrayObjects;
				USES_XCTRUNNER = YES;
			};
			name = Release;
		};
/* End XCBuildConfiguration section */

/* Begin XCConfigurationList section */
		ABA1EC661C214AF400EFAEBB /* Build configuration list for PBXProject "ArrayObjects" */ = {
			isa = XCConfigurationList;
			buildConfigurations = (
				ABA1EC961C214AF400EFAEBB /* Debug */,
				ABA1EC971C214AF400EFAEBB /* Release */,
			);
			defaultConfigurationIsVisible = 0;
			defaultConfigurationName = Release;
		};
		ABA1EC981C214AF400EFAEBB /* Build configuration list for PBXNativeTarget "ArrayObjects" */ = {
			isa = XCConfigurationList;
			buildConfigurations = (
				ABA1EC991C214AF400EFAEBB /* Debug */,
				ABA1EC9A1C214AF400EFAEBB /* Release */,
			);
			defaultConfigurationIsVisible = 0;
		};
		ABA1EC9E1C214AF400EFAEBB /* Build configuration list for PBXNativeTarget "ArrayObjectsUITests" */ = {
			isa = XCConfigurationList;
			buildConfigurations = (
				ABA1EC9F1C214AF400EFAEBB /* Debug */,
				ABA1ECA01C214AF400EFAEBB /* Release */,
			);
			defaultConfigurationIsVisible = 0;
		};
/* End XCConfigurationList section */
	};
	rootObject = ABA1EC631C214AF400EFAEBB /* Project object */;
}
